// !$*UTF8*$!
{
	archiveVersion = 1;
	classes = {
	};
	objectVersion = 50;
	objects = {

/* Begin PBXBuildFile section */
		691661D1C93443BF7CF4549A /* Pods_MyLocations.framework in Frameworks */ = {isa = PBXBuildFile; fileRef = 76682AB6DF9D79356547D9E7 /* Pods_MyLocations.framework */; };
		EC10B57F22890C9C00A68877 /* CurrentLocationView.swift in Sources */ = {isa = PBXBuildFile; fileRef = EC10B57E22890C9C00A68877 /* CurrentLocationView.swift */; };
		ECE8871C2288074600476FC4 /* AppDelegate.swift in Sources */ = {isa = PBXBuildFile; fileRef = ECE8871B2288074600476FC4 /* AppDelegate.swift */; };
		ECE8871E2288074600476FC4 /* CurrentLocationViewController.swift in Sources */ = {isa = PBXBuildFile; fileRef = ECE8871D2288074600476FC4 /* CurrentLocationViewController.swift */; };
		ECE887202288074600476FC4 /* SecondViewController.swift in Sources */ = {isa = PBXBuildFile; fileRef = ECE8871F2288074600476FC4 /* SecondViewController.swift */; };
		ECE887232288074600476FC4 /* Main.storyboard in Resources */ = {isa = PBXBuildFile; fileRef = ECE887212288074600476FC4 /* Main.storyboard */; };
		ECE887252288074700476FC4 /* Assets.xcassets in Resources */ = {isa = PBXBuildFile; fileRef = ECE887242288074700476FC4 /* Assets.xcassets */; };
		ECE887282288074700476FC4 /* LaunchScreen.storyboard in Resources */ = {isa = PBXBuildFile; fileRef = ECE887262288074700476FC4 /* LaunchScreen.storyboard */; };
/* End PBXBuildFile section */

/* Begin PBXFileReference section */
		1608DB4A1616CF1CC3A628FF /* Pods-MyLocations.release.xcconfig */ = {isa = PBXFileReference; includeInIndex = 1; lastKnownFileType = text.xcconfig; name = "Pods-MyLocations.release.xcconfig"; path = "Target Support Files/Pods-MyLocations/Pods-MyLocations.release.xcconfig"; sourceTree = "<group>"; };
		76682AB6DF9D79356547D9E7 /* Pods_MyLocations.framework */ = {isa = PBXFileReference; explicitFileType = wrapper.framework; includeInIndex = 0; path = Pods_MyLocations.framework; sourceTree = BUILT_PRODUCTS_DIR; };
		912BC1E0249B9459624B66E3 /* Pods-MyLocations.debug.xcconfig */ = {isa = PBXFileReference; includeInIndex = 1; lastKnownFileType = text.xcconfig; name = "Pods-MyLocations.debug.xcconfig"; path = "Target Support Files/Pods-MyLocations/Pods-MyLocations.debug.xcconfig"; sourceTree = "<group>"; };
		EC10B57E22890C9C00A68877 /* CurrentLocationView.swift */ = {isa = PBXFileReference; lastKnownFileType = sourcecode.swift; path = CurrentLocationView.swift; sourceTree = "<group>"; };
		ECE887182288074600476FC4 /* MyLocations.app */ = {isa = PBXFileReference; explicitFileType = wrapper.application; includeInIndex = 0; path = MyLocations.app; sourceTree = BUILT_PRODUCTS_DIR; };
		ECE8871B2288074600476FC4 /* AppDelegate.swift */ = {isa = PBXFileReference; lastKnownFileType = sourcecode.swift; path = AppDelegate.swift; sourceTree = "<group>"; };
		ECE8871D2288074600476FC4 /* CurrentLocationViewController.swift */ = {isa = PBXFileReference; lastKnownFileType = sourcecode.swift; path = CurrentLocationViewController.swift; sourceTree = "<group>"; };
		ECE8871F2288074600476FC4 /* SecondViewController.swift */ = {isa = PBXFileReference; lastKnownFileType = sourcecode.swift; path = SecondViewController.swift; sourceTree = "<group>"; };
		ECE887222288074600476FC4 /* Base */ = {isa = PBXFileReference; lastKnownFileType = file.storyboard; name = Base; path = Base.lproj/Main.storyboard; sourceTree = "<group>"; };
		ECE887242288074700476FC4 /* Assets.xcassets */ = {isa = PBXFileReference; lastKnownFileType = folder.assetcatalog; path = Assets.xcassets; sourceTree = "<group>"; };
		ECE887272288074700476FC4 /* Base */ = {isa = PBXFileReference; lastKnownFileType = file.storyboard; name = Base; path = Base.lproj/LaunchScreen.storyboard; sourceTree = "<group>"; };
		ECE887292288074700476FC4 /* Info.plist */ = {isa = PBXFileReference; lastKnownFileType = text.plist.xml; path = Info.plist; sourceTree = "<group>"; };
/* End PBXFileReference section */

/* Begin PBXFrameworksBuildPhase section */
		ECE887152288074600476FC4 /* Frameworks */ = {
			isa = PBXFrameworksBuildPhase;
			buildActionMask = 2147483647;
			files = (
				691661D1C93443BF7CF4549A /* Pods_MyLocations.framework in Frameworks */,
			);
			runOnlyForDeploymentPostprocessing = 0;
		};
/* End PBXFrameworksBuildPhase section */

/* Begin PBXGroup section */
		C180EDC8FDCDB9AE2AB90B2E /* Frameworks */ = {
			isa = PBXGroup;
			children = (
				76682AB6DF9D79356547D9E7 /* Pods_MyLocations.framework */,
			);
			name = Frameworks;
			sourceTree = "<group>";
		};
		D322730FDDF923C4F4281DED /* Pods */ = {
			isa = PBXGroup;
			children = (
				912BC1E0249B9459624B66E3 /* Pods-MyLocations.debug.xcconfig */,
				1608DB4A1616CF1CC3A628FF /* Pods-MyLocations.release.xcconfig */,
			);
			path = Pods;
			sourceTree = "<group>";
		};
		EC10B57922890C1400A68877 /* Controller */ = {
			isa = PBXGroup;
			children = (
				ECE8871D2288074600476FC4 /* CurrentLocationViewController.swift */,
				ECE8871F2288074600476FC4 /* SecondViewController.swift */,
			);
			path = Controller;
			sourceTree = "<group>";
		};
		EC10B57A22890C1D00A68877 /* Model */ = {
			isa = PBXGroup;
			children = (
			);
			path = Model;
			sourceTree = "<group>";
		};
		EC10B57B22890C2300A68877 /* View */ = {
			isa = PBXGroup;
			children = (
				ECE887262288074700476FC4 /* LaunchScreen.storyboard */,
				ECE887212288074600476FC4 /* Main.storyboard */,
				EC10B57E22890C9C00A68877 /* CurrentLocationView.swift */,
			);
			path = View;
			sourceTree = "<group>";
		};
		EC10B57C22890C3A00A68877 /* Delegate */ = {
			isa = PBXGroup;
			children = (
				ECE8871B2288074600476FC4 /* AppDelegate.swift */,
			);
			path = Delegate;
			sourceTree = "<group>";
		};
		EC10B57D22890C4700A68877 /* Resource */ = {
			isa = PBXGroup;
			children = (
				ECE887292288074700476FC4 /* Info.plist */,
				ECE887242288074700476FC4 /* Assets.xcassets */,
			);
			path = Resource;
			sourceTree = "<group>";
		};
		EC10B58022890E6300A68877 /* Helper */ = {
			isa = PBXGroup;
			children = (
			);
			path = Helper;
			sourceTree = "<group>";
		};
		ECE8870F2288074600476FC4 = {
			isa = PBXGroup;
			children = (
				EC10B58022890E6300A68877 /* Helper */,
				ECE8871A2288074600476FC4 /* MyLocations */,
				ECE887192288074600476FC4 /* Products */,
				D322730FDDF923C4F4281DED /* Pods */,
				C180EDC8FDCDB9AE2AB90B2E /* Frameworks */,
			);
			sourceTree = "<group>";
		};
		ECE887192288074600476FC4 /* Products */ = {
			isa = PBXGroup;
			children = (
				ECE887182288074600476FC4 /* MyLocations.app */,
			);
			name = Products;
			sourceTree = "<group>";
		};
		ECE8871A2288074600476FC4 /* MyLocations */ = {
			isa = PBXGroup;
			children = (
				EC10B57D22890C4700A68877 /* Resource */,
				EC10B57C22890C3A00A68877 /* Delegate */,
				EC10B57B22890C2300A68877 /* View */,
				EC10B57A22890C1D00A68877 /* Model */,
				EC10B57922890C1400A68877 /* Controller */,
			);
			path = MyLocations;
			sourceTree = "<group>";
		};
/* End PBXGroup section */

/* Begin PBXNativeTarget section */
		ECE887172288074600476FC4 /* MyLocations */ = {
			isa = PBXNativeTarget;
			buildConfigurationList = ECE8872C2288074700476FC4 /* Build configuration list for PBXNativeTarget "MyLocations" */;
			buildPhases = (
				18FBC83F51B3118EBF1FA472 /* [CP] Check Pods Manifest.lock */,
				ECE887142288074600476FC4 /* Sources */,
				ECE887152288074600476FC4 /* Frameworks */,
				ECE887162288074600476FC4 /* Resources */,
				214C895F2BEE260CC7F44F42 /* [CP] Embed Pods Frameworks */,
			);
			buildRules = (
			);
			dependencies = (
			);
			name = MyLocations;
			productName = MyLocations;
			productReference = ECE887182288074600476FC4 /* MyLocations.app */;
			productType = "com.apple.product-type.application";
		};
/* End PBXNativeTarget section */

/* Begin PBXProject section */
		ECE887102288074600476FC4 /* Project object */ = {
			isa = PBXProject;
			attributes = {
				LastSwiftUpdateCheck = 1020;
				LastUpgradeCheck = 1020;
				ORGANIZATIONNAME = "Hai Vu";
				TargetAttributes = {
					ECE887172288074600476FC4 = {
						CreatedOnToolsVersion = 10.2.1;
					};
				};
			};
			buildConfigurationList = ECE887132288074600476FC4 /* Build configuration list for PBXProject "MyLocations" */;
			compatibilityVersion = "Xcode 9.3";
			developmentRegion = en;
			hasScannedForEncodings = 0;
			knownRegions = (
				en,
				Base,
			);
			mainGroup = ECE8870F2288074600476FC4;
			productRefGroup = ECE887192288074600476FC4 /* Products */;
			projectDirPath = "";
			projectRoot = "";
			targets = (
				ECE887172288074600476FC4 /* MyLocations */,
			);
		};
/* End PBXProject section */

/* Begin PBXResourcesBuildPhase section */
		ECE887162288074600476FC4 /* Resources */ = {
			isa = PBXResourcesBuildPhase;
			buildActionMask = 2147483647;
			files = (
				ECE887282288074700476FC4 /* LaunchScreen.storyboard in Resources */,
				ECE887252288074700476FC4 /* Assets.xcassets in Resources */,
				ECE887232288074600476FC4 /* Main.storyboard in Resources */,
			);
			runOnlyForDeploymentPostprocessing = 0;
		};
/* End PBXResourcesBuildPhase section */

/* Begin PBXShellScriptBuildPhase section */
		18FBC83F51B3118EBF1FA472 /* [CP] Check Pods Manifest.lock */ = {
			isa = PBXShellScriptBuildPhase;
			buildActionMask = 2147483647;
			files = (
			);
			inputFileListPaths = (
			);
			inputPaths = (
				"${PODS_PODFILE_DIR_PATH}/Podfile.lock",
				"${PODS_ROOT}/Manifest.lock",
			);
			name = "[CP] Check Pods Manifest.lock";
			outputFileListPaths = (
			);
			outputPaths = (
				"$(DERIVED_FILE_DIR)/Pods-MyLocations-checkManifestLockResult.txt",
			);
			runOnlyForDeploymentPostprocessing = 0;
			shellPath = /bin/sh;
			shellScript = "diff \"${PODS_PODFILE_DIR_PATH}/Podfile.lock\" \"${PODS_ROOT}/Manifest.lock\" > /dev/null\nif [ $? != 0 ] ; then\n    # print error to STDERR\n    echo \"error: The sandbox is not in sync with the Podfile.lock. Run 'pod install' or update your CocoaPods installation.\" >&2\n    exit 1\nfi\n# This output is used by Xcode 'outputs' to avoid re-running this script phase.\necho \"SUCCESS\" > \"${SCRIPT_OUTPUT_FILE_0}\"\n";
			showEnvVarsInLog = 0;
		};
		214C895F2BEE260CC7F44F42 /* [CP] Embed Pods Frameworks */ = {
			isa = PBXShellScriptBuildPhase;
			buildActionMask = 2147483647;
			files = (
			);
			inputFileListPaths = (
			);
			inputPaths = (
				"${PODS_ROOT}/Target Support Files/Pods-MyLocations/Pods-MyLocations-frameworks.sh",
				"${BUILT_PRODUCTS_DIR}/Yoga/yoga.framework",
				"${BUILT_PRODUCTS_DIR}/YogaKit/YogaKit.framework",
			);
			name = "[CP] Embed Pods Frameworks";
			outputFileListPaths = (
			);
			outputPaths = (
				"${TARGET_BUILD_DIR}/${FRAMEWORKS_FOLDER_PATH}/yoga.framework",
				"${TARGET_BUILD_DIR}/${FRAMEWORKS_FOLDER_PATH}/YogaKit.framework",
			);
			runOnlyForDeploymentPostprocessing = 0;
			shellPath = /bin/sh;
			shellScript = "\"${PODS_ROOT}/Target Support Files/Pods-MyLocations/Pods-MyLocations-frameworks.sh\"\n";
			showEnvVarsInLog = 0;
		};
/* End PBXShellScriptBuildPhase section */

/* Begin PBXSourcesBuildPhase section */
		ECE887142288074600476FC4 /* Sources */ = {
			isa = PBXSourcesBuildPhase;
			buildActionMask = 2147483647;
			files = (
				ECE887202288074600476FC4 /* SecondViewController.swift in Sources */,
				ECE8871C2288074600476FC4 /* AppDelegate.swift in Sources */,
				ECE8871E2288074600476FC4 /* CurrentLocationViewController.swift in Sources */,
				EC10B57F22890C9C00A68877 /* CurrentLocationView.swift in Sources */,
			);
			runOnlyForDeploymentPostprocessing = 0;
		};
/* End PBXSourcesBuildPhase section */

/* Begin PBXVariantGroup section */
		ECE887212288074600476FC4 /* Main.storyboard */ = {
			isa = PBXVariantGroup;
			children = (
				ECE887222288074600476FC4 /* Base */,
			);
			name = Main.storyboard;
			sourceTree = "<group>";
		};
		ECE887262288074700476FC4 /* LaunchScreen.storyboard */ = {
			isa = PBXVariantGroup;
			children = (
				ECE887272288074700476FC4 /* Base */,
			);
			name = LaunchScreen.storyboard;
			sourceTree = "<group>";
		};
/* End PBXVariantGroup section */

/* Begin XCBuildConfiguration section */
		ECE8872A2288074700476FC4 /* Debug */ = {
			isa = XCBuildConfiguration;
			buildSettings = {
				ALWAYS_SEARCH_USER_PATHS = NO;
				CLANG_ANALYZER_NONNULL = YES;
				CLANG_ANALYZER_NUMBER_OBJECT_CONVERSION = YES_AGGRESSIVE;
				CLANG_CXX_LANGUAGE_STANDARD = "gnu++14";
				CLANG_CXX_LIBRARY = "libc++";
				CLANG_ENABLE_MODULES = YES;
				CLANG_ENABLE_OBJC_ARC = YES;
				CLANG_ENABLE_OBJC_WEAK = YES;
				CLANG_WARN_BLOCK_CAPTURE_AUTORELEASING = YES;
				CLANG_WARN_BOOL_CONVERSION = YES;
				CLANG_WARN_COMMA = YES;
				CLANG_WARN_CONSTANT_CONVERSION = YES;
				CLANG_WARN_DEPRECATED_OBJC_IMPLEMENTATIONS = YES;
				CLANG_WARN_DIRECT_OBJC_ISA_USAGE = YES_ERROR;
				CLANG_WARN_DOCUMENTATION_COMMENTS = YES;
				CLANG_WARN_EMPTY_BODY = YES;
				CLANG_WARN_ENUM_CONVERSION = YES;
				CLANG_WARN_INFINITE_RECURSION = YES;
				CLANG_WARN_INT_CONVERSION = YES;
				CLANG_WARN_NON_LITERAL_NULL_CONVERSION = YES;
				CLANG_WARN_OBJC_IMPLICIT_RETAIN_SELF = YES;
				CLANG_WARN_OBJC_LITERAL_CONVERSION = YES;
				CLANG_WARN_OBJC_ROOT_CLASS = YES_ERROR;
				CLANG_WARN_RANGE_LOOP_ANALYSIS = YES;
				CLANG_WARN_STRICT_PROTOTYPES = YES;
				CLANG_WARN_SUSPICIOUS_MOVE = YES;
				CLANG_WARN_UNGUARDED_AVAILABILITY = YES_AGGRESSIVE;
				CLANG_WARN_UNREACHABLE_CODE = YES;
				CLANG_WARN__DUPLICATE_METHOD_MATCH = YES;
				CODE_SIGN_IDENTITY = "iPhone Developer";
				COPY_PHASE_STRIP = NO;
				DEBUG_INFORMATION_FORMAT = dwarf;
				ENABLE_STRICT_OBJC_MSGSEND = YES;
				ENABLE_TESTABILITY = YES;
				GCC_C_LANGUAGE_STANDARD = gnu11;
				GCC_DYNAMIC_NO_PIC = NO;
				GCC_NO_COMMON_BLOCKS = YES;
				GCC_OPTIMIZATION_LEVEL = 0;
				GCC_PREPROCESSOR_DEFINITIONS = (
					"DEBUG=1",
					"$(inherited)",
				);
				GCC_WARN_64_TO_32_BIT_CONVERSION = YES;
				GCC_WARN_ABOUT_RETURN_TYPE = YES_ERROR;
				GCC_WARN_UNDECLARED_SELECTOR = YES;
				GCC_WARN_UNINITIALIZED_AUTOS = YES_AGGRESSIVE;
				GCC_WARN_UNUSED_FUNCTION = YES;
				GCC_WARN_UNUSED_VARIABLE = YES;
				IPHONEOS_DEPLOYMENT_TARGET = 12.2;
				MTL_ENABLE_DEBUG_INFO = INCLUDE_SOURCE;
				MTL_FAST_MATH = YES;
				ONLY_ACTIVE_ARCH = YES;
				SDKROOT = iphoneos;
				SWIFT_ACTIVE_COMPILATION_CONDITIONS = DEBUG;
				SWIFT_OPTIMIZATION_LEVEL = "-Onone";
			};
			name = Debug;
		};
		ECE8872B2288074700476FC4 /* Release */ = {
			isa = XCBuildConfiguration;
			buildSettings = {
				ALWAYS_SEARCH_USER_PATHS = NO;
				CLANG_ANALYZER_NONNULL = YES;
				CLANG_ANALYZER_NUMBER_OBJECT_CONVERSION = YES_AGGRESSIVE;
				CLANG_CXX_LANGUAGE_STANDARD = "gnu++14";
				CLANG_CXX_LIBRARY = "libc++";
				CLANG_ENABLE_MODULES = YES;
				CLANG_ENABLE_OBJC_ARC = YES;
				CLANG_ENABLE_OBJC_WEAK = YES;
				CLANG_WARN_BLOCK_CAPTURE_AUTORELEASING = YES;
				CLANG_WARN_BOOL_CONVERSION = YES;
				CLANG_WARN_COMMA = YES;
				CLANG_WARN_CONSTANT_CONVERSION = YES;
				CLANG_WARN_DEPRECATED_OBJC_IMPLEMENTATIONS = YES;
				CLANG_WARN_DIRECT_OBJC_ISA_USAGE = YES_ERROR;
				CLANG_WARN_DOCUMENTATION_COMMENTS = YES;
				CLANG_WARN_EMPTY_BODY = YES;
				CLANG_WARN_ENUM_CONVERSION = YES;
				CLANG_WARN_INFINITE_RECURSION = YES;
				CLANG_WARN_INT_CONVERSION = YES;
				CLANG_WARN_NON_LITERAL_NULL_CONVERSION = YES;
				CLANG_WARN_OBJC_IMPLICIT_RETAIN_SELF = YES;
				CLANG_WARN_OBJC_LITERAL_CONVERSION = YES;
				CLANG_WARN_OBJC_ROOT_CLASS = YES_ERROR;
				CLANG_WARN_RANGE_LOOP_ANALYSIS = YES;
				CLANG_WARN_STRICT_PROTOTYPES = YES;
				CLANG_WARN_SUSPICIOUS_MOVE = YES;
				CLANG_WARN_UNGUARDED_AVAILABILITY = YES_AGGRESSIVE;
				CLANG_WARN_UNREACHABLE_CODE = YES;
				CLANG_WARN__DUPLICATE_METHOD_MATCH = YES;
				CODE_SIGN_IDENTITY = "iPhone Developer";
				COPY_PHASE_STRIP = NO;
				DEBUG_INFORMATION_FORMAT = "dwarf-with-dsym";
				ENABLE_NS_ASSERTIONS = NO;
				ENABLE_STRICT_OBJC_MSGSEND = YES;
				GCC_C_LANGUAGE_STANDARD = gnu11;
				GCC_NO_COMMON_BLOCKS = YES;
				GCC_WARN_64_TO_32_BIT_CONVERSION = YES;
				GCC_WARN_ABOUT_RETURN_TYPE = YES_ERROR;
				GCC_WARN_UNDECLARED_SELECTOR = YES;
				GCC_WARN_UNINITIALIZED_AUTOS = YES_AGGRESSIVE;
				GCC_WARN_UNUSED_FUNCTION = YES;
				GCC_WARN_UNUSED_VARIABLE = YES;
				IPHONEOS_DEPLOYMENT_TARGET = 12.2;
				MTL_ENABLE_DEBUG_INFO = NO;
				MTL_FAST_MATH = YES;
				SDKROOT = iphoneos;
				SWIFT_COMPILATION_MODE = wholemodule;
				SWIFT_OPTIMIZATION_LEVEL = "-O";
				VALIDATE_PRODUCT = YES;
			};
			name = Release;
		};
		ECE8872D2288074700476FC4 /* Debug */ = {
			isa = XCBuildConfiguration;
			baseConfigurationReference = 912BC1E0249B9459624B66E3 /* Pods-MyLocations.debug.xcconfig */;
			buildSettings = {
				ASSETCATALOG_COMPILER_APPICON_NAME = AppIcon;
				CODE_SIGN_STYLE = Automatic;
				DEVELOPMENT_TEAM = M6L52K5U45;
				INFOPLIST_FILE = "$(SRCROOT)/MyLocations/Resource/Info.plist";
				LD_RUNPATH_SEARCH_PATHS = (
					"$(inherited)",
					"@executable_path/Frameworks",
				);
				PRODUCT_BUNDLE_IDENTIFIER = vnhai.com.vn.MyLocations;
				PRODUCT_NAME = "$(TARGET_NAME)";
				SWIFT_VERSION = 5.0;
				TARGETED_DEVICE_FAMILY = "1,2";
			};
			name = Debug;
		};
		ECE8872E2288074700476FC4 /* Release */ = {
			isa = XCBuildConfiguration;
			baseConfigurationReference = 1608DB4A1616CF1CC3A628FF /* Pods-MyLocations.release.xcconfig */;
			buildSettings = {
				ASSETCATALOG_COMPILER_APPICON_NAME = AppIcon;
				CODE_SIGN_STYLE = Automatic;
				DEVELOPMENT_TEAM = M6L52K5U45;
				INFOPLIST_FILE = "$(SRCROOT)/MyLocations/Resource/Info.plist";
				LD_RUNPATH_SEARCH_PATHS = (
					"$(inherited)",
					"@executable_path/Frameworks",
				);
				PRODUCT_BUNDLE_IDENTIFIER = vnhai.com.vn.MyLocations;
				PRODUCT_NAME = "$(TARGET_NAME)";
				SWIFT_VERSION = 5.0;
				TARGETED_DEVICE_FAMILY = "1,2";
			};
			name = Release;
		};
/* End XCBuildConfiguration section */

/* Begin XCConfigurationList section */
		ECE887132288074600476FC4 /* Build configuration list for PBXProject "MyLocations" */ = {
			isa = XCConfigurationList;
			buildConfigurations = (
				ECE8872A2288074700476FC4 /* Debug */,
				ECE8872B2288074700476FC4 /* Release */,
			);
			defaultConfigurationIsVisible = 0;
			defaultConfigurationName = Release;
		};
		ECE8872C2288074700476FC4 /* Build configuration list for PBXNativeTarget "MyLocations" */ = {
			isa = XCConfigurationList;
			buildConfigurations = (
				ECE8872D2288074700476FC4 /* Debug */,
				ECE8872E2288074700476FC4 /* Release */,
			);
			defaultConfigurationIsVisible = 0;
			defaultConfigurationName = Release;
		};
/* End XCConfigurationList section */
	};
	rootObject = ECE887102288074600476FC4 /* Project object */;
}
